
Microsoft Visual Studio Solution File, Format Version 12.00
# Visual Studio 2012
Project("{8BC9CEB8-8B4A-11D0-8D11-00A0C91BC942}") = "ConsoleApplication2", "ConsoleApplication2\ConsoleApplication2.vcxproj", "{E22F64FB-8419-4B68-94AD-6B518E05EBDA}"
EndProject
Global
	GlobalSection(SolutionConfigurationPlatforms) = preSolution
		Debug|Win32 = Debug|Win32
		Release|Win32 = Release|Win32
	EndGlobalSection
	GlobalSection(ProjectConfigurationPlatforms) = postSolution
		{E22F64FB-8419-4B68-94AD-6B518E05EBDA}.Debug|Win32.ActiveCfg = Debug|Win32
		{E22F64FB-8419-4B68-94AD-6B518E05EBDA}.Debug|Win32.Build.0 = Debug|Win32
		{E22F64FB-8419-4B68-94AD-6B518E05EBDA}.Release|Win32.ActiveCfg = Release|Win32
		{E22F64FB-8419-4B68-94AD-6B518E05EBDA}.Release|Win32.Build.0 = Release|Win32
	EndGlobalSection
	GlobalSection(SolutionProperties) = preSolution
		HideSolutionNode = FALSE
	EndGlobalSection
EndGlobal
